{
  "version": 4,
  "terraform_version": "1.12.0",
  "serial": 15,
  "lineage": "d831ab0d-4b98-6f65-aea2-6ec82b1b6a0f",
  "outputs": {
    "GCP_PROJECT_ID": {
      "value": "proud-will-455500-a6",
      "type": "string"
    },
    "GCP_SERVICE_ACCOUNT_KEY_ENCODED": {
      "value": "ewogICJ0eXBlIjogInNlcnZpY2VfYWNjb3VudCIsCiAgInByb2plY3RfaWQiOiAicHJvdWQtd2lsbC00NTU1MDAtYTYiLAogICJwcml2YXRlX2tleV9pZCI6ICJjYjViYzE5YzYyNGExZDVjNjBiMDI4M2NiMDg1MTdhMTExYjA2OWIxIiwKICAicHJpdmF0ZV9rZXkiOiAiLS0tLS1CRUdJTiBQUklWQVRFIEtFWS0tLS0tXG5NSUlFdlFJQkFEQU5CZ2txaGtpRzl3MEJBUUVGQUFTQ0JLY3dnZ1NqQWdFQUFvSUJBUURMSnhMOE9hZVI0NWdnXG5JdGVuYjBIanJ3NjZkd1VHYjdLek45SnFXcXJsUUllUzNZTml5NnpBTHJ4UVdiOGhJTHFSQXUxaUZobi9EMGVwXG5wQ3dqUVRhdDIybVNKNnRIWEtsdXFWZ056cnZYVFZZdjJYODhNUndrZVpvMGRCZlhPUDZhLzZHdTRubUpTd2pvXG5IOHJLV3dDekdkb1ViaUR2RUl6TGZjcDROYXJYdjdVMzBFSktCSHpqZUR0dkd2c1lQQnU1RUlEUjRkcDRBb01pXG5kVkFJNjI3MFF2MXZ0emJRSkoxTTUwTHpoM3pWRXEvZFlnMWc1TU9TandvdXdEdG5lZ3VUQm1zSHZMNmZDa0grXG5JL290VGllWUVqaVVvUU9HZmxxTUY4OG5NNTJjV2lWK2h1blUvWFc2TmVEb2NmZjV1M0RGT245ZVF6Tm94S2FDXG5MSGVQYU5haEFnTUJBQUVDZ2dFQUM4aGt4V0NPTDZ2ZXprbGJEdlRvNGt6c1dxUU4xRzljMHVCN1dhd1AwcXRsXG5HWjl6c0FLZWJzaWZKejFuVktOdWNydnoydjhyYTVQZUxSQ090MDVBWHNIVnZCS0ZNSWJITkhvSnQ0Wk10b3AvXG5vOWVXZGI0bTh0WWpPNlRhbjZMb2dJS3daT0Z4bVdVUzI0ekJnUzVaU21vRzBDM0podmdqcEdkVHU1aG9RK3BaXG4vbXk0REp2UzNxUGtNTEIzS1F0azI5blEwenBjdDdMaXJxaHhmb2M0MXRqdENJT2FMelFTdUJrbDJ2TGNFUUQzXG5PMFlGK3ZLZTcvV0s0MGJ5VkZTVHNzeU9TeFl2c0NTeG5NaU81TTdBQnk5dlBCL0kxNGNxUE5HVTFuM0JicEVEXG5ROGV3dWJqb1F5aitxeGlydXBoOGtrYU1TTEVOdElVUFpqdTZTTHpRMlFLQmdRRHNtenkxWW8wZ1pjREFjMlVYXG5SakJRRFhEdCtrQnlIblM1UnJPYWZtZVlUWk9haE1XdFZXTmZLL0o5eWJHdllIZFNwVHYwUC9Ea2xiazc0VmYzXG42NVdYdU9tMUtRVGptc21CQ0RFa1ZJMzFLdlVrbkpMRWdGMTZCdUhjODZTVjJRVnR4UDYvRXFyWkJ2WUVIZDhSXG5HRHBhSVEvV2EyL1dSMXNrMUJnTGNDUjM2UUtCZ1FEYnpkNmFoMUZwY1BZOFFFazVrQmRuSXVUbnlvS2JsdWpwXG5IUldzalUzR1pndmZVSDd5Y21DOHp1QXVkdlcvL3JnNVZPeFNRazcrTEVxOTF1S1dKd09zejltQjIrUVRtYzdtXG5sOTQ3U252M21nZDB3dm11a3ZaSlYwaG41NkpEZEVSOVdQbGFyTXZCbUIydnJiTlpzU3oxZlBoZk0rRGRuam1FXG5qbVJsd3BKdCtRS0JnUURKOUhzdUM0K1FQcW4yMnNoSHhHWktmaDZOVWxTZDA3Y255ZHhWbTExTFY3UU1hUlhkXG5ySXVrV1h1aXVIek15QmN4V001QzNpejh2M3ViUyszdE5JMjhNbDV4ZmpDcElaNnJYMVdxdisxbmZhSSsvTklkXG5uYityLzZIY0dhNjdKTUdJZjJROXJXNWN6cDlBeGtwM2FlbXNzcG0xR0lFZU1rdnV0SVpOaFF2cnVRS0JnQ0RjXG5pSGxGM2RBTHlXUjhuL1h4S3U2S2N2cU1kalpZdTMyT2taejRpellzTDM0MWhLVXVvSFBaNGY1UVhyRlRuYXRFXG5uUWczVGFRR2J5NHVvRFdlbzVnRWd4bzlDNzQ2Y29wYkRpaURIRUdLVDY4UEwxRUFPNzMvUkozMExYZzBPOEVaXG51ajNxTTVRLzc4QkNFZHhJOXRYRTEwVTBkbHZydWVHdGdDa09pK0hSQW9HQUR5MVpaODZVRFlidWRYU3hjakl3XG5ENGdZNVNpWFp3NWZRTUZJLzNtY0F5TkpQVGJaRFVOZTBtWXNRNkNwQWhrems5eU9kemQ2NzBCeGx3a1lnMEV1XG5nT3dtVGw3c0FLSUo0Y1BvL1pVMnRXNmcwUEdsSW45R25zWkxGdkxmWmlCRHE5UzExZkFlMUEwdm1GUVhhbkZ5XG5RZ1pZUDIyaEdCNnYzTGhEeDZIQWRIZz1cbi0tLS0tRU5EIFBSSVZBVEUgS0VZLS0tLS1cbiIsCiAgImNsaWVudF9lbWFpbCI6ICJwaXBlbGluZS11c2VyQHByb3VkLXdpbGwtNDU1NTAwLWE2LmlhbS5nc2VydmljZWFjY291bnQuY29tIiwKICAiY2xpZW50X2lkIjogIjEwNjExOTc1NDQwMjEwNjcyNTEyOCIsCiAgImF1dGhfdXJpIjogImh0dHBzOi8vYWNjb3VudHMuZ29vZ2xlLmNvbS9vL29hdXRoMi9hdXRoIiwKICAidG9rZW5fdXJpIjogImh0dHBzOi8vb2F1dGgyLmdvb2dsZWFwaXMuY29tL3Rva2VuIiwKICAiYXV0aF9wcm92aWRlcl94NTA5X2NlcnRfdXJsIjogImh0dHBzOi8vd3d3Lmdvb2dsZWFwaXMuY29tL29hdXRoMi92MS9jZXJ0cyIsCiAgImNsaWVudF94NTA5X2NlcnRfdXJsIjogImh0dHBzOi8vd3d3Lmdvb2dsZWFwaXMuY29tL3JvYm90L3YxL21ldGFkYXRhL3g1MDkvcGlwZWxpbmUtdXNlciU0MHByb3VkLXdpbGwtNDU1NTAwLWE2LmlhbS5nc2VydmljZWFjY291bnQuY29tIiwKICAidW5pdmVyc2VfZG9tYWluIjogImdvb2dsZWFwaXMuY29tIgp9Cg==",
      "type": "string",
      "sensitive": true
    },
    "GCP_USERNAME": {
      "value": "mateorico2001",
      "type": "string"
    },
    "artifact_registry_url": {
      "value": "us-central1-docker.pkg.dev/proud-will-455500-a6/user-service",
      "type": "string"
    },
    "instance_name": {
      "value": "pipeline-vm",
      "type": "string"
    }
  },
  "resources": [
    {
      "mode": "data",
      "type": "google_client_openid_userinfo",
      "name": "me",
      "provider": "provider[\"registry.terraform.io/hashicorp/google\"]",
      "instances": [
        {
          "schema_version": 0,
          "attributes": {
            "email": "mateorico2001@gmail.com",
            "id": "mateorico2001@gmail.com"
          },
          "sensitive_attributes": [],
          "identity_schema_version": 0
        }
      ]
    },
    {
      "mode": "managed",
      "type": "google_artifact_registry_repository",
      "name": "microservice_repo",
      "provider": "provider[\"registry.terraform.io/hashicorp/google\"]",
      "instances": [
        {
          "schema_version": 0,
          "attributes": {
            "cleanup_policies": [],
            "cleanup_policy_dry_run": false,
            "create_time": "2025-05-17T19:48:58.552996Z",
            "description": "Container repository for user-service",
            "docker_config": [],
            "effective_labels": {
              "goog-terraform-provisioned": "true"
            },
            "format": "DOCKER",
            "id": "projects/proud-will-455500-a6/locations/us-central1/repositories/user-service",
            "kms_key_name": "",
            "labels": null,
            "location": "us-central1",
            "maven_config": [],
            "mode": "STANDARD_REPOSITORY",
            "name": "user-service",
            "project": "proud-will-455500-a6",
            "remote_repository_config": [],
            "repository_id": "user-service",
            "terraform_labels": {
              "goog-terraform-provisioned": "true"
            },
            "timeouts": null,
            "update_time": "2025-05-17T19:48:58.552996Z",
            "virtual_repository_config": [],
            "vulnerability_scanning_config": [
              {
                "enablement_config": "",
                "enablement_state": "SCANNING_DISABLED",
                "enablement_state_reason": "API containerscanning.googleapis.com is not enabled."
              }
            ]
          },
          "sensitive_attributes": [],
          "identity_schema_version": 0,
          "private": "eyJlMmJmYjczMC1lY2FhLTExZTYtOGY4OC0zNDM2M2JjN2M0YzAiOnsiY3JlYXRlIjoxMjAwMDAwMDAwMDAwLCJkZWxldGUiOjEyMDAwMDAwMDAwMDAsInVwZGF0ZSI6MTIwMDAwMDAwMDAwMH19"
        }
      ]
    },
    {
      "mode": "managed",
      "type": "google_compute_firewall",
      "name": "http",
      "provider": "provider[\"registry.terraform.io/hashicorp/google\"]",
      "instances": [
        {
          "schema_version": 1,
          "attributes": {
            "allow": [
              {
                "ports": [
                  "80"
                ],
                "protocol": "tcp"
              }
            ],
            "creation_timestamp": "2025-05-17T12:48:50.815-07:00",
            "deny": [],
            "description": "",
            "destination_ranges": [],
            "direction": "INGRESS",
            "disabled": false,
            "enable_logging": null,
            "id": "projects/proud-will-455500-a6/global/firewalls/allow-http",
            "log_config": [],
            "name": "allow-http",
            "network": "https://www.googleapis.com/compute/v1/projects/proud-will-455500-a6/global/networks/default",
            "priority": 1000,
            "project": "proud-will-455500-a6",
            "self_link": "https://www.googleapis.com/compute/v1/projects/proud-will-455500-a6/global/firewalls/allow-http",
            "source_ranges": [
              "0.0.0.0/0"
            ],
            "source_service_accounts": null,
            "source_tags": null,
            "target_service_accounts": null,
            "target_tags": [
              "pipeline"
            ],
            "timeouts": null
          },
          "sensitive_attributes": [],
          "identity_schema_version": 0,
          "private": "eyJlMmJmYjczMC1lY2FhLTExZTYtOGY4OC0zNDM2M2JjN2M0YzAiOnsiY3JlYXRlIjoxMjAwMDAwMDAwMDAwLCJkZWxldGUiOjEyMDAwMDAwMDAwMDAsInVwZGF0ZSI6MTIwMDAwMDAwMDAwMH0sInNjaGVtYV92ZXJzaW9uIjoiMSJ9"
        }
      ]
    },
    {
      "mode": "managed",
      "type": "google_compute_firewall",
      "name": "jaeger_dashboard",
      "provider": "provider[\"registry.terraform.io/hashicorp/google\"]",
      "instances": [
        {
          "schema_version": 1,
          "attributes": {
            "allow": [
              {
                "ports": [
                  "16686"
                ],
                "protocol": "tcp"
              }
            ],
            "creation_timestamp": "2025-05-17T12:48:50.973-07:00",
            "deny": [],
            "description": "",
            "destination_ranges": [],
            "direction": "INGRESS",
            "disabled": false,
            "enable_logging": null,
            "id": "projects/proud-will-455500-a6/global/firewalls/allow-jaeger-dashboard",
            "log_config": [],
            "name": "allow-jaeger-dashboard",
            "network": "https://www.googleapis.com/compute/v1/projects/proud-will-455500-a6/global/networks/default",
            "priority": 1000,
            "project": "proud-will-455500-a6",
            "self_link": "https://www.googleapis.com/compute/v1/projects/proud-will-455500-a6/global/firewalls/allow-jaeger-dashboard",
            "source_ranges": [
              "0.0.0.0/0"
            ],
            "source_service_accounts": null,
            "source_tags": null,
            "target_service_accounts": null,
            "target_tags": [
              "pipeline"
            ],
            "timeouts": null
          },
          "sensitive_attributes": [],
          "identity_schema_version": 0,
          "private": "eyJlMmJmYjczMC1lY2FhLTExZTYtOGY4OC0zNDM2M2JjN2M0YzAiOnsiY3JlYXRlIjoxMjAwMDAwMDAwMDAwLCJkZWxldGUiOjEyMDAwMDAwMDAwMDAsInVwZGF0ZSI6MTIwMDAwMDAwMDAwMH0sInNjaGVtYV92ZXJzaW9uIjoiMSJ9"
        }
      ]
    },
    {
      "mode": "managed",
      "type": "google_compute_firewall",
      "name": "ssh",
      "provider": "provider[\"registry.terraform.io/hashicorp/google\"]",
      "instances": [
        {
          "schema_version": 1,
          "attributes": {
            "allow": [
              {
                "ports": [
                  "22"
                ],
                "protocol": "tcp"
              }
            ],
            "creation_timestamp": "2025-05-17T12:48:50.315-07:00",
            "deny": [],
            "description": "",
            "destination_ranges": [],
            "direction": "INGRESS",
            "disabled": false,
            "enable_logging": null,
            "id": "projects/proud-will-455500-a6/global/firewalls/allow-ssh",
            "log_config": [],
            "name": "allow-ssh",
            "network": "https://www.googleapis.com/compute/v1/projects/proud-will-455500-a6/global/networks/default",
            "priority": 1000,
            "project": "proud-will-455500-a6",
            "self_link": "https://www.googleapis.com/compute/v1/projects/proud-will-455500-a6/global/firewalls/allow-ssh",
            "source_ranges": [
              "0.0.0.0/0"
            ],
            "source_service_accounts": null,
            "source_tags": null,
            "target_service_accounts": null,
            "target_tags": [
              "pipeline"
            ],
            "timeouts": null
          },
          "sensitive_attributes": [],
          "identity_schema_version": 0,
          "private": "eyJlMmJmYjczMC1lY2FhLTExZTYtOGY4OC0zNDM2M2JjN2M0YzAiOnsiY3JlYXRlIjoxMjAwMDAwMDAwMDAwLCJkZWxldGUiOjEyMDAwMDAwMDAwMDAsInVwZGF0ZSI6MTIwMDAwMDAwMDAwMH0sInNjaGVtYV92ZXJzaW9uIjoiMSJ9"
        }
      ]
    },
    {
      "mode": "managed",
      "type": "google_compute_firewall",
      "name": "traefik_dashboard",
      "provider": "provider[\"registry.terraform.io/hashicorp/google\"]",
      "instances": [
        {
          "schema_version": 1,
          "attributes": {
            "allow": [
              {
                "ports": [
                  "8080"
                ],
                "protocol": "tcp"
              }
            ],
            "creation_timestamp": "2025-05-17T12:48:51.139-07:00",
            "deny": [],
            "description": "",
            "destination_ranges": [],
            "direction": "INGRESS",
            "disabled": false,
            "enable_logging": null,
            "id": "projects/proud-will-455500-a6/global/firewalls/allow-traefik-dashboard",
            "log_config": [],
            "name": "allow-traefik-dashboard",
            "network": "https://www.googleapis.com/compute/v1/projects/proud-will-455500-a6/global/networks/default",
            "priority": 1000,
            "project": "proud-will-455500-a6",
            "self_link": "https://www.googleapis.com/compute/v1/projects/proud-will-455500-a6/global/firewalls/allow-traefik-dashboard",
            "source_ranges": [
              "0.0.0.0/0"
            ],
            "source_service_accounts": null,
            "source_tags": null,
            "target_service_accounts": null,
            "target_tags": [
              "pipeline"
            ],
            "timeouts": null
          },
          "sensitive_attributes": [],
          "identity_schema_version": 0,
          "private": "eyJlMmJmYjczMC1lY2FhLTExZTYtOGY4OC0zNDM2M2JjN2M0YzAiOnsiY3JlYXRlIjoxMjAwMDAwMDAwMDAwLCJkZWxldGUiOjEyMDAwMDAwMDAwMDAsInVwZGF0ZSI6MTIwMDAwMDAwMDAwMH0sInNjaGVtYV92ZXJzaW9uIjoiMSJ9"
        }
      ]
    },
    {
      "mode": "managed",
      "type": "google_compute_instance",
      "name": "pipeline_vm",
      "provider": "provider[\"registry.terraform.io/hashicorp/google\"]",
      "instances": [
        {
          "status": "tainted",
          "schema_version": 6,
          "attributes": {
            "advanced_machine_features": [],
            "allow_stopping_for_update": null,
            "attached_disk": [],
            "boot_disk": [
              {
                "auto_delete": true,
                "device_name": "persistent-disk-0",
                "disk_encryption_key_raw": "",
                "disk_encryption_key_rsa": "",
                "disk_encryption_key_sha256": "",
                "disk_encryption_service_account": "",
                "guest_os_features": [
                  "UEFI_COMPATIBLE",
                  "VIRTIO_SCSI_MULTIQUEUE",
                  "GVNIC",
                  "SEV_CAPABLE",
                  "SEV_LIVE_MIGRATABLE_V2"
                ],
                "initialize_params": [
                  {
                    "architecture": "X86_64",
                    "enable_confidential_compute": false,
                    "image": "https://www.googleapis.com/compute/v1/projects/debian-cloud/global/images/debian-12-bookworm-v20250513",
                    "labels": {},
                    "provisioned_iops": 0,
                    "provisioned_throughput": 0,
                    "resource_manager_tags": null,
                    "resource_policies": [],
                    "size": 16,
                    "snapshot": "",
                    "source_image_encryption_key": [],
                    "source_snapshot_encryption_key": [],
                    "storage_pool": "",
                    "type": "pd-standard"
                  }
                ],
                "interface": "",
                "kms_key_self_link": "",
                "mode": "READ_WRITE",
                "source": "https://www.googleapis.com/compute/v1/projects/proud-will-455500-a6/zones/us-central1-a/disks/pipeline-vm"
              }
            ],
            "can_ip_forward": false,
            "confidential_instance_config": [],
            "cpu_platform": "Intel Broadwell",
            "creation_timestamp": "2025-05-17T12:49:05.991-07:00",
            "current_status": "RUNNING",
            "deletion_protection": false,
            "description": "",
            "desired_status": null,
            "effective_labels": {
              "goog-terraform-provisioned": "true"
            },
            "enable_display": false,
            "guest_accelerator": [],
            "hostname": "",
            "id": "projects/proud-will-455500-a6/zones/us-central1-a/instances/pipeline-vm",
            "instance_encryption_key": [],
            "instance_id": "1559100675135461086",
            "key_revocation_action_type": "",
            "label_fingerprint": "vezUS-42LLM=",
            "labels": null,
            "machine_type": "e2-micro",
            "metadata": {
              "enable-oslogin": "FALSE",
              "ssh-keys": "mateorico2001:ssh-rsa AAAAB3NzaC1yc2EAAAADAQABAAABgQCepkEIyvFHo57x5yFOsKmi2HX7o3z5mQrF9eISYIzfUZWnLer34lpwkPmek8HXb7p5cTtl10S6XLcblYmZFG8iAsQScBypyH08737jXA7W8BeuZD+AzNv5YXpSvNw1u5ju/2F4Im5+vPQ+/GsP392kwJGo+JolYzekkQNW+1EA0IVjXbBd7Jhej1lCL7kK6qZGwwnFKJVqaeRzkqew3Mvya0ePKDvcKx29DMelCtlxHjHnxci0MdQvldg9bro3ENDD4o/zYSrUu1GNL9BERmj8cI/+DOiJS9QxijhdExvhcD8Fgc7Sb+ieK8V4S+P4keakSM2qjg3TEGHpx+7GNuFO3ayAHOmUNXzGxYjZ8rVDGLLn4aBZ5pXmSG/296jVVrOwYBJG6A4MuLGkhKFqkZamu4V7RSLtFDF4JZEuzwyKMV/YS8vK8K9KfHzBfH8rwo+o6oXKtxmR+t4dnEdzXaDx1BSbciMV32iEyLt6e2KkDrb2zzYr9T5dJNXLU4YJ6iE= debian\n"
            },
            "metadata_fingerprint": "3tESDvRROOQ=",
            "metadata_startup_script": "#!/bin/bash\nset -e\n\n# Crear directorio para apps Docker y permisos\nmkdir -p /opt/apps\nchmod 777 /opt/apps\nchown -R mateorico2001:mateorico2001 /opt/apps\n\n# Instalar Google Cloud SDK\ncurl -sSL https://dl.google.com/dl/cloudsdk/channels/rapid/downloads/google-cloud-cli-linux-x86_64.tar.gz | tar -xz\n./google-cloud-sdk/install.sh --quiet\n\n# Instalar Docker en Debian 12\napt-get update \u0026\u0026 apt-get install -y ca-certificates curl gnupg\nmkdir -p /etc/apt/keyrings\ncurl -fsSL https://download.docker.com/linux/debian/gpg | tee /etc/apt/keyrings/docker.asc \u003e /dev/null\necho \"deb [arch=$(dpkg --print-architecture) signed-by=/etc/apt/keyrings/docker.asc] \\\n  https://download.docker.com/linux/debian $(. /etc/os-release \u0026\u0026 echo \"$VERSION_CODENAME\") stable\" | \\\n  tee /etc/apt/sources.list.d/docker.list \u003e /dev/null\napt-get update \u0026\u0026 apt-get install -y docker-ce docker-ce-cli containerd.io docker-buildx-plugin docker-compose-plugin\n    \n# # Add user to docker group\nusermod -aG docker mateorico2001\n    \n# # Configure Docker credential helper for permanent authentication\nmkdir -p /home/mateorico2001/.docker\necho '{\"credHelpers\": {\"us-central1-docker.pkg.dev\": \"gcloud\"}}' \u003e /home/mateorico2001/.docker/config.json\nchown -R mateorico2001:mateorico2001 /home/mateorico2001/.docker\necho \"DONE\" \u003e /var/log/startup-script-done\n",
            "min_cpu_platform": "",
            "name": "pipeline-vm",
            "network_interface": [
              {
                "access_config": [
                  {
                    "nat_ip": "35.194.59.156",
                    "network_tier": "PREMIUM",
                    "public_ptr_domain_name": ""
                  }
                ],
                "alias_ip_range": [],
                "internal_ipv6_prefix_length": 0,
                "ipv6_access_config": [],
                "ipv6_access_type": "",
                "ipv6_address": "",
                "name": "nic0",
                "network": "https://www.googleapis.com/compute/v1/projects/proud-will-455500-a6/global/networks/default",
                "network_attachment": "",
                "network_ip": "10.128.0.3",
                "nic_type": "",
                "queue_count": 0,
                "stack_type": "IPV4_ONLY",
                "subnetwork": "https://www.googleapis.com/compute/v1/projects/proud-will-455500-a6/regions/us-central1/subnetworks/default",
                "subnetwork_project": "proud-will-455500-a6"
              }
            ],
            "network_performance_config": [],
            "params": [],
            "project": "proud-will-455500-a6",
            "reservation_affinity": [],
            "resource_policies": null,
            "scheduling": [
              {
                "automatic_restart": true,
                "availability_domain": 0,
                "instance_termination_action": "",
                "local_ssd_recovery_timeout": [],
                "max_run_duration": [],
                "min_node_cpus": 0,
                "node_affinities": [],
                "on_host_maintenance": "MIGRATE",
                "on_instance_stop_action": [],
                "preemptible": false,
                "provisioning_model": "STANDARD",
                "termination_time": ""
              }
            ],
            "scratch_disk": [],
            "self_link": "https://www.googleapis.com/compute/v1/projects/proud-will-455500-a6/zones/us-central1-a/instances/pipeline-vm",
            "service_account": [
              {
                "email": "pipeline-vm-sa@proud-will-455500-a6.iam.gserviceaccount.com",
                "scopes": [
                  "https://www.googleapis.com/auth/cloud-platform"
                ]
              }
            ],
            "shielded_instance_config": [
              {
                "enable_integrity_monitoring": true,
                "enable_secure_boot": false,
                "enable_vtpm": true
              }
            ],
            "tags": [
              "pipeline"
            ],
            "tags_fingerprint": "gkHx3YmWziU=",
            "terraform_labels": {
              "goog-terraform-provisioned": "true"
            },
            "timeouts": null,
            "zone": "us-central1-a"
          },
          "sensitive_attributes": [
            [
              {
                "type": "get_attr",
                "value": "boot_disk"
              },
              {
                "type": "index",
                "value": {
                  "value": 0,
                  "type": "number"
                }
              },
              {
                "type": "get_attr",
                "value": "disk_encryption_key_raw"
              }
            ],
            [
              {
                "type": "get_attr",
                "value": "boot_disk"
              },
              {
                "type": "index",
                "value": {
                  "value": 0,
                  "type": "number"
                }
              },
              {
                "type": "get_attr",
                "value": "disk_encryption_key_rsa"
              }
            ]
          ],
          "identity_schema_version": 0,
          "private": "eyJlMmJmYjczMC1lY2FhLTExZTYtOGY4OC0zNDM2M2JjN2M0YzAiOnsiY3JlYXRlIjoxMjAwMDAwMDAwMDAwLCJkZWxldGUiOjEyMDAwMDAwMDAwMDAsInVwZGF0ZSI6MTIwMDAwMDAwMDAwMH0sInNjaGVtYV92ZXJzaW9uIjoiNiJ9",
          "dependencies": [
            "data.google_client_openid_userinfo.me",
            "google_service_account.pipeline_vm_sa"
          ]
        }
      ]
    },
    {
      "mode": "managed",
      "type": "google_project_iam_member",
      "name": "artifact_registry_reader",
      "provider": "provider[\"registry.terraform.io/hashicorp/google\"]",
      "instances": [
        {
          "schema_version": 0,
          "attributes": {
            "condition": [],
            "etag": "BwY1WjEgXk4=",
            "id": "proud-will-455500-a6/roles/artifactregistry.reader/serviceAccount:pipeline-vm-sa@proud-will-455500-a6.iam.gserviceaccount.com",
            "member": "serviceAccount:pipeline-vm-sa@proud-will-455500-a6.iam.gserviceaccount.com",
            "project": "proud-will-455500-a6",
            "role": "roles/artifactregistry.reader"
          },
          "sensitive_attributes": [],
          "identity_schema_version": 0,
          "private": "bnVsbA==",
          "dependencies": [
            "google_service_account.pipeline_vm_sa"
          ]
        }
      ]
    },
    {
      "mode": "managed",
      "type": "google_project_iam_member",
      "name": "artifact_registry_writer",
      "provider": "provider[\"registry.terraform.io/hashicorp/google\"]",
      "instances": [
        {
          "schema_version": 0,
          "attributes": {
            "condition": [],
            "etag": "BwY1WjEgXk4=",
            "id": "proud-will-455500-a6/roles/artifactregistry.writer/serviceAccount:pipeline-user@proud-will-455500-a6.iam.gserviceaccount.com",
            "member": "serviceAccount:pipeline-user@proud-will-455500-a6.iam.gserviceaccount.com",
            "project": "proud-will-455500-a6",
            "role": "roles/artifactregistry.writer"
          },
          "sensitive_attributes": [],
          "identity_schema_version": 0,
          "private": "bnVsbA==",
          "dependencies": [
            "google_service_account.pipeline_user"
          ]
        }
      ]
    },
    {
      "mode": "managed",
      "type": "google_project_iam_member",
      "name": "service_account_token_creator",
      "provider": "provider[\"registry.terraform.io/hashicorp/google\"]",
      "instances": [
        {
          "schema_version": 0,
          "attributes": {
            "condition": [],
            "etag": "BwY1WjEgXk4=",
            "id": "proud-will-455500-a6/roles/iam.serviceAccountTokenCreator/serviceAccount:pipeline-user@proud-will-455500-a6.iam.gserviceaccount.com",
            "member": "serviceAccount:pipeline-user@proud-will-455500-a6.iam.gserviceaccount.com",
            "project": "proud-will-455500-a6",
            "role": "roles/iam.serviceAccountTokenCreator"
          },
          "sensitive_attributes": [],
          "identity_schema_version": 0,
          "private": "bnVsbA==",
          "dependencies": [
            "google_service_account.pipeline_user"
          ]
        }
      ]
    },
    {
      "mode": "managed",
      "type": "google_project_iam_member",
      "name": "service_account_user",
      "provider": "provider[\"registry.terraform.io/hashicorp/google\"]",
      "instances": [
        {
          "schema_version": 0,
          "attributes": {
            "condition": [],
            "etag": "BwY1WjEgXk4=",
            "id": "proud-will-455500-a6/roles/iam.serviceAccountUser/serviceAccount:pipeline-user@proud-will-455500-a6.iam.gserviceaccount.com",
            "member": "serviceAccount:pipeline-user@proud-will-455500-a6.iam.gserviceaccount.com",
            "project": "proud-will-455500-a6",
            "role": "roles/iam.serviceAccountUser"
          },
          "sensitive_attributes": [],
          "identity_schema_version": 0,
          "private": "bnVsbA==",
          "dependencies": [
            "google_service_account.pipeline_user"
          ]
        }
      ]
    },
    {
      "mode": "managed",
      "type": "google_project_iam_member",
      "name": "storage_admin",
      "provider": "provider[\"registry.terraform.io/hashicorp/google\"]",
      "instances": [
        {
          "schema_version": 0,
          "attributes": {
            "condition": [],
            "etag": "BwY1WjEgXk4=",
            "id": "proud-will-455500-a6/roles/storage.admin/serviceAccount:pipeline-user@proud-will-455500-a6.iam.gserviceaccount.com",
            "member": "serviceAccount:pipeline-user@proud-will-455500-a6.iam.gserviceaccount.com",
            "project": "proud-will-455500-a6",
            "role": "roles/storage.admin"
          },
          "sensitive_attributes": [],
          "identity_schema_version": 0,
          "private": "bnVsbA==",
          "dependencies": [
            "google_service_account.pipeline_user"
          ]
        }
      ]
    },
    {
      "mode": "managed",
      "type": "google_service_account",
      "name": "pipeline_user",
      "provider": "provider[\"registry.terraform.io/hashicorp/google\"]",
      "instances": [
        {
          "schema_version": 0,
          "attributes": {
            "account_id": "pipeline-user",
            "create_ignore_already_exists": null,
            "description": "",
            "disabled": false,
            "display_name": "Pipeline User",
            "email": "pipeline-user@proud-will-455500-a6.iam.gserviceaccount.com",
            "id": "projects/proud-will-455500-a6/serviceAccounts/pipeline-user@proud-will-455500-a6.iam.gserviceaccount.com",
            "member": "serviceAccount:pipeline-user@proud-will-455500-a6.iam.gserviceaccount.com",
            "name": "projects/proud-will-455500-a6/serviceAccounts/pipeline-user@proud-will-455500-a6.iam.gserviceaccount.com",
            "project": "proud-will-455500-a6",
            "timeouts": null,
            "unique_id": "106119754402106725128"
          },
          "sensitive_attributes": [],
          "identity_schema_version": 0,
          "private": "eyJlMmJmYjczMC1lY2FhLTExZTYtOGY4OC0zNDM2M2JjN2M0YzAiOnsiY3JlYXRlIjozMDAwMDAwMDAwMDB9fQ=="
        }
      ]
    },
    {
      "mode": "managed",
      "type": "google_service_account",
      "name": "pipeline_vm_sa",
      "provider": "provider[\"registry.terraform.io/hashicorp/google\"]",
      "instances": [
        {
          "schema_version": 0,
          "attributes": {
            "account_id": "pipeline-vm-sa",
            "create_ignore_already_exists": null,
            "description": "",
            "disabled": false,
            "display_name": "Pipeline VM Service Account",
            "email": "pipeline-vm-sa@proud-will-455500-a6.iam.gserviceaccount.com",
            "id": "projects/proud-will-455500-a6/serviceAccounts/pipeline-vm-sa@proud-will-455500-a6.iam.gserviceaccount.com",
            "member": "serviceAccount:pipeline-vm-sa@proud-will-455500-a6.iam.gserviceaccount.com",
            "name": "projects/proud-will-455500-a6/serviceAccounts/pipeline-vm-sa@proud-will-455500-a6.iam.gserviceaccount.com",
            "project": "proud-will-455500-a6",
            "timeouts": null,
            "unique_id": "114664558378795399971"
          },
          "sensitive_attributes": [],
          "identity_schema_version": 0,
          "private": "eyJlMmJmYjczMC1lY2FhLTExZTYtOGY4OC0zNDM2M2JjN2M0YzAiOnsiY3JlYXRlIjozMDAwMDAwMDAwMDB9fQ=="
        }
      ]
    },
    {
      "mode": "managed",
      "type": "google_service_account_key",
      "name": "pipeline_user_key",
      "provider": "provider[\"registry.terraform.io/hashicorp/google\"]",
      "instances": [
        {
          "schema_version": 0,
          "attributes": {
            "id": "projects/proud-will-455500-a6/serviceAccounts/pipeline-user@proud-will-455500-a6.iam.gserviceaccount.com/keys/cb5bc19c624a1d5c60b0283cb08517a111b069b1",
            "keepers": null,
            "key_algorithm": "KEY_ALG_RSA_2048",
            "name": "projects/proud-will-455500-a6/serviceAccounts/pipeline-user@proud-will-455500-a6.iam.gserviceaccount.com/keys/cb5bc19c624a1d5c60b0283cb08517a111b069b1",
            "private_key": "ewogICJ0eXBlIjogInNlcnZpY2VfYWNjb3VudCIsCiAgInByb2plY3RfaWQiOiAicHJvdWQtd2lsbC00NTU1MDAtYTYiLAogICJwcml2YXRlX2tleV9pZCI6ICJjYjViYzE5YzYyNGExZDVjNjBiMDI4M2NiMDg1MTdhMTExYjA2OWIxIiwKICAicHJpdmF0ZV9rZXkiOiAiLS0tLS1CRUdJTiBQUklWQVRFIEtFWS0tLS0tXG5NSUlFdlFJQkFEQU5CZ2txaGtpRzl3MEJBUUVGQUFTQ0JLY3dnZ1NqQWdFQUFvSUJBUURMSnhMOE9hZVI0NWdnXG5JdGVuYjBIanJ3NjZkd1VHYjdLek45SnFXcXJsUUllUzNZTml5NnpBTHJ4UVdiOGhJTHFSQXUxaUZobi9EMGVwXG5wQ3dqUVRhdDIybVNKNnRIWEtsdXFWZ056cnZYVFZZdjJYODhNUndrZVpvMGRCZlhPUDZhLzZHdTRubUpTd2pvXG5IOHJLV3dDekdkb1ViaUR2RUl6TGZjcDROYXJYdjdVMzBFSktCSHpqZUR0dkd2c1lQQnU1RUlEUjRkcDRBb01pXG5kVkFJNjI3MFF2MXZ0emJRSkoxTTUwTHpoM3pWRXEvZFlnMWc1TU9TandvdXdEdG5lZ3VUQm1zSHZMNmZDa0grXG5JL290VGllWUVqaVVvUU9HZmxxTUY4OG5NNTJjV2lWK2h1blUvWFc2TmVEb2NmZjV1M0RGT245ZVF6Tm94S2FDXG5MSGVQYU5haEFnTUJBQUVDZ2dFQUM4aGt4V0NPTDZ2ZXprbGJEdlRvNGt6c1dxUU4xRzljMHVCN1dhd1AwcXRsXG5HWjl6c0FLZWJzaWZKejFuVktOdWNydnoydjhyYTVQZUxSQ090MDVBWHNIVnZCS0ZNSWJITkhvSnQ0Wk10b3AvXG5vOWVXZGI0bTh0WWpPNlRhbjZMb2dJS3daT0Z4bVdVUzI0ekJnUzVaU21vRzBDM0podmdqcEdkVHU1aG9RK3BaXG4vbXk0REp2UzNxUGtNTEIzS1F0azI5blEwenBjdDdMaXJxaHhmb2M0MXRqdENJT2FMelFTdUJrbDJ2TGNFUUQzXG5PMFlGK3ZLZTcvV0s0MGJ5VkZTVHNzeU9TeFl2c0NTeG5NaU81TTdBQnk5dlBCL0kxNGNxUE5HVTFuM0JicEVEXG5ROGV3dWJqb1F5aitxeGlydXBoOGtrYU1TTEVOdElVUFpqdTZTTHpRMlFLQmdRRHNtenkxWW8wZ1pjREFjMlVYXG5SakJRRFhEdCtrQnlIblM1UnJPYWZtZVlUWk9haE1XdFZXTmZLL0o5eWJHdllIZFNwVHYwUC9Ea2xiazc0VmYzXG42NVdYdU9tMUtRVGptc21CQ0RFa1ZJMzFLdlVrbkpMRWdGMTZCdUhjODZTVjJRVnR4UDYvRXFyWkJ2WUVIZDhSXG5HRHBhSVEvV2EyL1dSMXNrMUJnTGNDUjM2UUtCZ1FEYnpkNmFoMUZwY1BZOFFFazVrQmRuSXVUbnlvS2JsdWpwXG5IUldzalUzR1pndmZVSDd5Y21DOHp1QXVkdlcvL3JnNVZPeFNRazcrTEVxOTF1S1dKd09zejltQjIrUVRtYzdtXG5sOTQ3U252M21nZDB3dm11a3ZaSlYwaG41NkpEZEVSOVdQbGFyTXZCbUIydnJiTlpzU3oxZlBoZk0rRGRuam1FXG5qbVJsd3BKdCtRS0JnUURKOUhzdUM0K1FQcW4yMnNoSHhHWktmaDZOVWxTZDA3Y255ZHhWbTExTFY3UU1hUlhkXG5ySXVrV1h1aXVIek15QmN4V001QzNpejh2M3ViUyszdE5JMjhNbDV4ZmpDcElaNnJYMVdxdisxbmZhSSsvTklkXG5uYityLzZIY0dhNjdKTUdJZjJROXJXNWN6cDlBeGtwM2FlbXNzcG0xR0lFZU1rdnV0SVpOaFF2cnVRS0JnQ0RjXG5pSGxGM2RBTHlXUjhuL1h4S3U2S2N2cU1kalpZdTMyT2taejRpellzTDM0MWhLVXVvSFBaNGY1UVhyRlRuYXRFXG5uUWczVGFRR2J5NHVvRFdlbzVnRWd4bzlDNzQ2Y29wYkRpaURIRUdLVDY4UEwxRUFPNzMvUkozMExYZzBPOEVaXG51ajNxTTVRLzc4QkNFZHhJOXRYRTEwVTBkbHZydWVHdGdDa09pK0hSQW9HQUR5MVpaODZVRFlidWRYU3hjakl3XG5ENGdZNVNpWFp3NWZRTUZJLzNtY0F5TkpQVGJaRFVOZTBtWXNRNkNwQWhrems5eU9kemQ2NzBCeGx3a1lnMEV1XG5nT3dtVGw3c0FLSUo0Y1BvL1pVMnRXNmcwUEdsSW45R25zWkxGdkxmWmlCRHE5UzExZkFlMUEwdm1GUVhhbkZ5XG5RZ1pZUDIyaEdCNnYzTGhEeDZIQWRIZz1cbi0tLS0tRU5EIFBSSVZBVEUgS0VZLS0tLS1cbiIsCiAgImNsaWVudF9lbWFpbCI6ICJwaXBlbGluZS11c2VyQHByb3VkLXdpbGwtNDU1NTAwLWE2LmlhbS5nc2VydmljZWFjY291bnQuY29tIiwKICAiY2xpZW50X2lkIjogIjEwNjExOTc1NDQwMjEwNjcyNTEyOCIsCiAgImF1dGhfdXJpIjogImh0dHBzOi8vYWNjb3VudHMuZ29vZ2xlLmNvbS9vL29hdXRoMi9hdXRoIiwKICAidG9rZW5fdXJpIjogImh0dHBzOi8vb2F1dGgyLmdvb2dsZWFwaXMuY29tL3Rva2VuIiwKICAiYXV0aF9wcm92aWRlcl94NTA5X2NlcnRfdXJsIjogImh0dHBzOi8vd3d3Lmdvb2dsZWFwaXMuY29tL29hdXRoMi92MS9jZXJ0cyIsCiAgImNsaWVudF94NTA5X2NlcnRfdXJsIjogImh0dHBzOi8vd3d3Lmdvb2dsZWFwaXMuY29tL3JvYm90L3YxL21ldGFkYXRhL3g1MDkvcGlwZWxpbmUtdXNlciU0MHByb3VkLXdpbGwtNDU1NTAwLWE2LmlhbS5nc2VydmljZWFjY291bnQuY29tIiwKICAidW5pdmVyc2VfZG9tYWluIjogImdvb2dsZWFwaXMuY29tIgp9Cg==",
            "private_key_type": "TYPE_GOOGLE_CREDENTIALS_FILE",
            "public_key": "LS0tLS1CRUdJTiBDRVJUSUZJQ0FURS0tLS0tCk1JSUMvVENDQWVXZ0F3SUJBZ0lKQUpKcGM4MUQ4SXNSTUEwR0NTcUdTSWIzRFFFQkJRVUFNQ0F4SGpBY0JnTlYKQkFNTUZURXdOakV4T1RjMU5EUXdNakV3TmpjeU5URXlPREFnRncweU5UQTFNVGN4T1RRNU1ETmFHQTg1T1RrNQpNVEl6TVRJek5UazFPVm93SURFZU1Cd0dBMVVFQXd3Vk1UQTJNVEU1TnpVME5EQXlNVEEyTnpJMU1USTRNSUlCCklqQU5CZ2txaGtpRzl3MEJBUUVGQUFPQ0FROEFNSUlCQ2dLQ0FRRUF5eWNTL0RtbmtlT1lJQ0xYcDI5QjQ2OE8KdW5jRkJtK3lzemZTYWxxcTVVQ0hrdDJEWXN1c3dDNjhVRm0vSVNDNmtRTHRZaFlaL3c5SHFhUXNJMEUycmR0cApraWVyUjF5cGJxbFlEYzY3MTAxV0w5bC9QREVjSkhtYU5IUVgxemorbXYraHJ1SjVpVXNJNkIvS3lsc0FzeG5hCkZHNGc3eENNeTMzS2VEV3ExNysxTjlCQ1NnUjg0M2c3YnhyN0dEd2J1UkNBMGVIYWVBS0RJblZRQ090dTlFTDkKYjdjMjBDU2RUT2RDODRkODFSS3YzV0lOWU9URGtvOEtMc0E3WjNvTGt3WnJCN3krbndwQi9pUDZMVTRubUJJNApsS0VEaG41YWpCZlBKek9kbkZvbGZvYnAxUDExdWpYZzZISDMrYnR3eFRwL1hrTXphTVNtZ2l4M2oyaldvUUlECkFRQUJvemd3TmpBTUJnTlZIUk1CQWY4RUFqQUFNQTRHQTFVZER3RUIvd1FFQXdJSGdEQVdCZ05WSFNVQkFmOEUKRERBS0JnZ3JCZ0VGQlFjREFqQU5CZ2txaGtpRzl3MEJBUVVGQUFPQ0FRRUFvNlFLb3ExQ0I0bU1pUFgxeDdvQgovaitqdldPWFgrVmZ4cmRCaWt5d3RyU0x5eFl3RHFsWjZLelVxcFEwbEkraStkOVBCZ3NmcGhkeEVBcUVyQ1F4CkVxd0tNckxqNFB4YkpnNzVqckIxamc3ZlI4U3p3K0IzUDJzdG9pb2p6MzM2TjhMQ29jcTYzbzJ4WloydWcxMWYKUmh3MEFaWEhncU1Xc21OUURQRHBnaU42NmExUm9NUkxKaDhZM0xZR1lSUkR2bnF2QTBGYlc2VVFxNlh1YmdnWgpjYnpwcHFpd0pJbXEyUUhSVWQ3Z1NKZElEOXRZelZoVWQ5bFNYR2JyRHNmQzJWYzZGT1ErWnVnVzU2dW81a1JiCjgrbWRneGI2b1NsMmJnUGJNb1o0am9IanYzaXhDcjJZSlQ5K1EyQUN3QjByL1pjeVpkdlFvYiswUEEvNFV3c1YKRUE9PQotLS0tLUVORCBDRVJUSUZJQ0FURS0tLS0tCg==",
            "public_key_data": null,
            "public_key_type": "TYPE_X509_PEM_FILE",
            "service_account_id": "projects/proud-will-455500-a6/serviceAccounts/pipeline-user@proud-will-455500-a6.iam.gserviceaccount.com",
            "valid_after": "2025-05-17T19:49:03Z",
            "valid_before": "9999-12-31T23:59:59Z"
          },
          "sensitive_attributes": [
            [
              {
                "type": "get_attr",
                "value": "private_key"
              }
            ]
          ],
          "identity_schema_version": 0,
          "private": "bnVsbA==",
          "dependencies": [
            "google_service_account.pipeline_user"
          ]
        }
      ]
    }
  ],
  "check_results": [
    {
      "object_kind": "var",
      "config_addr": "var.disk_size_gb",
      "status": "pass",
      "objects": [
        {
          "object_addr": "var.disk_size_gb",
          "status": "pass"
        }
      ]
    }
  ]
}
